
Microsoft Visual Studio Solution File, Format Version 12.00
# Visual Studio Version 16
VisualStudioVersion = 16.0.30621.155
MinimumVisualStudioVersion = 10.0.40219.1
Project("{9A19103F-16F7-4668-BE54-9A1E7A4F7556}") = "Web", "src\Web\Web.csproj", "{7C3663D6-C905-46CD-8A4E-6BBA333755D7}"
EndProject
Project("{2150E333-8FDC-42A3-9474-1A3956D46DE8}") = "src", "src", "{8FB46225-C1C1-4BC7-924C-BC0D84B2857F}"
EndProject
Project("{9A19103F-16F7-4668-BE54-9A1E7A4F7556}") = "ApplicationCore", "src\ApplicationCore\ApplicationCore.csproj", "{F9A02C1C-D847-4A41-9E2D-F1B20563CFD2}"
EndProject
Global
	GlobalSection(SolutionConfigurationPlatforms) = preSolution
		Debug|Any CPU = Debug|Any CPU
		Release|Any CPU = Release|Any CPU
	EndGlobalSection
	GlobalSection(ProjectConfigurationPlatforms) = postSolution
		{7C3663D6-C905-46CD-8A4E-6BBA333755D7}.Debug|Any CPU.ActiveCfg = Debug|Any CPU
		{7C3663D6-C905-46CD-8A4E-6BBA333755D7}.Debug|Any CPU.Build.0 = Debug|Any CPU
		{7C3663D6-C905-46CD-8A4E-6BBA333755D7}.Release|Any CPU.ActiveCfg = Release|Any CPU
		{7C3663D6-C905-46CD-8A4E-6BBA333755D7}.Release|Any CPU.Build.0 = Release|Any CPU
		{F9A02C1C-D847-4A41-9E2D-F1B20563CFD2}.Debug|Any CPU.ActiveCfg = Debug|Any CPU
		{F9A02C1C-D847-4A41-9E2D-F1B20563CFD2}.Debug|Any CPU.Build.0 = Debug|Any CPU
		{F9A02C1C-D847-4A41-9E2D-F1B20563CFD2}.Release|Any CPU.ActiveCfg = Release|Any CPU
		{F9A02C1C-D847-4A41-9E2D-F1B20563CFD2}.Release|Any CPU.Build.0 = Release|Any CPU
	EndGlobalSection
	GlobalSection(SolutionProperties) = preSolution
		HideSolutionNode = FALSE
	EndGlobalSection
	GlobalSection(NestedProjects) = preSolution
		{7C3663D6-C905-46CD-8A4E-6BBA333755D7} = {8FB46225-C1C1-4BC7-924C-BC0D84B2857F}
		{F9A02C1C-D847-4A41-9E2D-F1B20563CFD2} = {8FB46225-C1C1-4BC7-924C-BC0D84B2857F}
	EndGlobalSection
	GlobalSection(ExtensibilityGlobals) = postSolution
		SolutionGuid = {052644FA-9A1D-4373-8B6B-FC289E9BEB7C}
	EndGlobalSection
EndGlobal
